
Microsoft Visual Studio Solution File, Format Version 12.00
# Visual Studio Version 16
VisualStudioVersion = 16.0.33927.289
MinimumVisualStudioVersion = 10.0.40219.1
Project("{FAE04EC0-301F-11D3-BF4B-00C04F79EFBC}") = "Tyuiu.BogdanovaSA.Sprint0", "Tyuiu.BogdanovaSA.Sprint0\Tyuiu.BogdanovaSA.Sprint0.csproj", "{3CCCBF7E-4D4A-4DC2-A486-D4A864845255}"
EndProject
Project("{FAE04EC0-301F-11D3-BF4B-00C04F79EFBC}") = "Tyuiu.BogdanovaSA.Sprint0.Task0.V0", "Tyuiu.BogdanovaSA.Sprint0.Task0.V0\Tyuiu.BogdanovaSA.Sprint0.Task0.V0.csproj", "{83DB8534-1F34-477B-B6DA-CA8078F6BA66}"
EndProject
Project("{2150E333-8FDC-42A3-9474-1A3956D46DE8}") = "Task1", "Task1", "{17E36295-22CB-4DEA-B7D1-05FA7C6AFDAE}"
EndProject
Project("{FAE04EC0-301F-11D3-BF4B-00C04F79EFBC}") = "Tyuiu.BogdanovaSA.Sprint0.Task1.V0", "Tyuiu.BogdanovaSA.Sprint0.Task1.V0\Tyuiu.BogdanovaSA.Sprint0.Task1.V0.csproj", "{6394E543-E61E-4448-A5DF-2E7D5874D676}"
EndProject
Project("{2150E333-8FDC-42A3-9474-1A3956D46DE8}") = "NewFolder2", "NewFolder2", "{05A520DA-E84B-4FDA-8D67-4B5E64C2172D}"
EndProject
Project("{FAE04EC0-301F-11D3-BF4B-00C04F79EFBC}") = "Tyuiu.BogdanovaSA.Sprint0.task2.V0", "Tyuiu.BogdanovaSA.Sprint0.task2.V0\Tyuiu.BogdanovaSA.Sprint0.task2.V0.csproj", "{DC484CB1-2EC7-4DE0-A0B4-BF7907177009}"
EndProject
Project("{FAE04EC0-301F-11D3-BF4B-00C04F79EFBC}") = "Tyuiu.BogdanovaSA.Sprint0.Task2.V0.Lib", "Tyuiu.BogdanovaSA.Sprint0.V0.Lib\Tyuiu.BogdanovaSA.Sprint0.Task2.V0.Lib.csproj", "{B9BDEDC6-9EAF-4711-BD6A-D5F940C075F5}"
EndProject
Project("{FAE04EC0-301F-11D3-BF4B-00C04F79EFBC}") = "Tyuiu.BogdanovaSA.Sprint0.Task2.V0.Test", "Tyuiu.BogdanovaSA.Sprint0.Task2.V0.Test\Tyuiu.BogdanovaSA.Sprint0.Task2.V0.Test.csproj", "{E5028581-9987-4525-B14C-B0B33D9B2930}"
EndProject
Project("{2150E333-8FDC-42A3-9474-1A3956D46DE8}") = "NewFolder3", "NewFolder3", "{56F2367F-E623-495C-8BC8-97106EE69D1B}"
EndProject
Project("{FAE04EC0-301F-11D3-BF4B-00C04F79EFBC}") = "Tyuiu.BogdanovaSA.Sprint0.Task3.V0.Lib", "Tyuiu.BogdanovaSA.Sprint0.Task3.V0.Lib\Tyuiu.BogdanovaSA.Sprint0.Task3.V0.Lib.csproj", "{F60CA8CC-BF00-4580-BA68-C873D58B20D2}"
EndProject
Project("{FAE04EC0-301F-11D3-BF4B-00C04F79EFBC}") = "Tyuiu.BogdanovaSA.Sprint0.Task3.V0.Test", "Tyuiu.BogdanovaSA.Sprint0.Task3.V0.Test\Tyuiu.BogdanovaSA.Sprint0.Task3.V0.Test.csproj", "{06BE565A-2AB6-4383-B2B1-D6B81952F86E}"
EndProject
Project("{FAE04EC0-301F-11D3-BF4B-00C04F79EFBC}") = "Tyuiu.BogdanovaSA.Sprint0.Task3.V0", "Tyuiu.BogdanovaSA.Sprint0.Task3.V0\Tyuiu.BogdanovaSA.Sprint0.Task3.V0.csproj", "{4A43EDBE-FB1B-4F66-ACFE-4F3EFE122D85}"
EndProject
Project("{2150E333-8FDC-42A3-9474-1A3956D46DE8}") = "NewFolder4", "NewFolder4", "{46D3F885-11F1-4D89-8242-96DCD1D232A3}"
EndProject
Project("{FAE04EC0-301F-11D3-BF4B-00C04F79EFBC}") = "Tyuiu.BogdanovaSA.Sprint0.Task4.V0", "Tyuiu.BogdanovaSA.Sprint0.Task4.V0\Tyuiu.BogdanovaSA.Sprint0.Task4.V0.csproj", "{5B45941D-CD02-40C6-8C10-A416E51C1D2C}"
EndProject
Project("{FAE04EC0-301F-11D3-BF4B-00C04F79EFBC}") = "Tyuiu.BogdanovaSA.Sprint0.Task4.V0.Lib", "Tyuiu.BogdanovaSA.Sprint0.Task4.V0.Lib\Tyuiu.BogdanovaSA.Sprint0.Task4.V0.Lib.csproj", "{3FE9E99F-B8AC-4A73-9862-CD6BCC8379E1}"
EndProject
Project("{FAE04EC0-301F-11D3-BF4B-00C04F79EFBC}") = "Tyuiu.BogdanovaSA.Sprint0.Task4.V0.Test", "Tyuiu.BogdanovaSA.Sprint0.Task4.V0.Test\Tyuiu.BogdanovaSA.Sprint0.Task4.V0.Test.csproj", "{E016E6B8-00B4-4EE4-9F35-FCAE308006D2}"
EndProject
Global
	GlobalSection(SolutionConfigurationPlatforms) = preSolution
		Debug|Any CPU = Debug|Any CPU
		Release|Any CPU = Release|Any CPU
	EndGlobalSection
	GlobalSection(ProjectConfigurationPlatforms) = postSolution
		{3CCCBF7E-4D4A-4DC2-A486-D4A864845255}.Debug|Any CPU.ActiveCfg = Debug|Any CPU
		{3CCCBF7E-4D4A-4DC2-A486-D4A864845255}.Debug|Any CPU.Build.0 = Debug|Any CPU
		{3CCCBF7E-4D4A-4DC2-A486-D4A864845255}.Release|Any CPU.ActiveCfg = Release|Any CPU
		{3CCCBF7E-4D4A-4DC2-A486-D4A864845255}.Release|Any CPU.Build.0 = Release|Any CPU
		{83DB8534-1F34-477B-B6DA-CA8078F6BA66}.Debug|Any CPU.ActiveCfg = Debug|Any CPU
		{83DB8534-1F34-477B-B6DA-CA8078F6BA66}.Debug|Any CPU.Build.0 = Debug|Any CPU
		{83DB8534-1F34-477B-B6DA-CA8078F6BA66}.Release|Any CPU.ActiveCfg = Release|Any CPU
		{83DB8534-1F34-477B-B6DA-CA8078F6BA66}.Release|Any CPU.Build.0 = Release|Any CPU
		{6394E543-E61E-4448-A5DF-2E7D5874D676}.Debug|Any CPU.ActiveCfg = Debug|Any CPU
		{6394E543-E61E-4448-A5DF-2E7D5874D676}.Debug|Any CPU.Build.0 = Debug|Any CPU
		{6394E543-E61E-4448-A5DF-2E7D5874D676}.Release|Any CPU.ActiveCfg = Release|Any CPU
		{6394E543-E61E-4448-A5DF-2E7D5874D676}.Release|Any CPU.Build.0 = Release|Any CPU
		{DC484CB1-2EC7-4DE0-A0B4-BF7907177009}.Debug|Any CPU.ActiveCfg = Debug|Any CPU
		{DC484CB1-2EC7-4DE0-A0B4-BF7907177009}.Debug|Any CPU.Build.0 = Debug|Any CPU
		{DC484CB1-2EC7-4DE0-A0B4-BF7907177009}.Release|Any CPU.ActiveCfg = Release|Any CPU
		{DC484CB1-2EC7-4DE0-A0B4-BF7907177009}.Release|Any CPU.Build.0 = Release|Any CPU
		{B9BDEDC6-9EAF-4711-BD6A-D5F940C075F5}.Debug|Any CPU.ActiveCfg = Debug|Any CPU
		{B9BDEDC6-9EAF-4711-BD6A-D5F940C075F5}.Debug|Any CPU.Build.0 = Debug|Any CPU
		{B9BDEDC6-9EAF-4711-BD6A-D5F940C075F5}.Release|Any CPU.ActiveCfg = Release|Any CPU
		{B9BDEDC6-9EAF-4711-BD6A-D5F940C075F5}.Release|Any CPU.Build.0 = Release|Any CPU
		{E5028581-9987-4525-B14C-B0B33D9B2930}.Debug|Any CPU.ActiveCfg = Debug|Any CPU
		{E5028581-9987-4525-B14C-B0B33D9B2930}.Debug|Any CPU.Build.0 = Debug|Any CPU
		{E5028581-9987-4525-B14C-B0B33D9B2930}.Release|Any CPU.ActiveCfg = Release|Any CPU
		{E5028581-9987-4525-B14C-B0B33D9B2930}.Release|Any CPU.Build.0 = Release|Any CPU
		{F60CA8CC-BF00-4580-BA68-C873D58B20D2}.Debug|Any CPU.ActiveCfg = Debug|Any CPU
		{F60CA8CC-BF00-4580-BA68-C873D58B20D2}.Debug|Any CPU.Build.0 = Debug|Any CPU
		{F60CA8CC-BF00-4580-BA68-C873D58B20D2}.Release|Any CPU.ActiveCfg = Release|Any CPU
		{F60CA8CC-BF00-4580-BA68-C873D58B20D2}.Release|Any CPU.Build.0 = Release|Any CPU
		{06BE565A-2AB6-4383-B2B1-D6B81952F86E}.Debug|Any CPU.ActiveCfg = Debug|Any CPU
		{06BE565A-2AB6-4383-B2B1-D6B81952F86E}.Debug|Any CPU.Build.0 = Debug|Any CPU
		{06BE565A-2AB6-4383-B2B1-D6B81952F86E}.Release|Any CPU.ActiveCfg = Release|Any CPU
		{06BE565A-2AB6-4383-B2B1-D6B81952F86E}.Release|Any CPU.Build.0 = Release|Any CPU
		{4A43EDBE-FB1B-4F66-ACFE-4F3EFE122D85}.Debug|Any CPU.ActiveCfg = Debug|Any CPU
		{4A43EDBE-FB1B-4F66-ACFE-4F3EFE122D85}.Debug|Any CPU.Build.0 = Debug|Any CPU
		{4A43EDBE-FB1B-4F66-ACFE-4F3EFE122D85}.Release|Any CPU.ActiveCfg = Release|Any CPU
		{4A43EDBE-FB1B-4F66-ACFE-4F3EFE122D85}.Release|Any CPU.Build.0 = Release|Any CPU
		{5B45941D-CD02-40C6-8C10-A416E51C1D2C}.Debug|Any CPU.ActiveCfg = Debug|Any CPU
		{5B45941D-CD02-40C6-8C10-A416E51C1D2C}.Debug|Any CPU.Build.0 = Debug|Any CPU
		{5B45941D-CD02-40C6-8C10-A416E51C1D2C}.Release|Any CPU.ActiveCfg = Release|Any CPU
		{5B45941D-CD02-40C6-8C10-A416E51C1D2C}.Release|Any CPU.Build.0 = Release|Any CPU
		{3FE9E99F-B8AC-4A73-9862-CD6BCC8379E1}.Debug|Any CPU.ActiveCfg = Debug|Any CPU
		{3FE9E99F-B8AC-4A73-9862-CD6BCC8379E1}.Debug|Any CPU.Build.0 = Debug|Any CPU
		{3FE9E99F-B8AC-4A73-9862-CD6BCC8379E1}.Release|Any CPU.ActiveCfg = Release|Any CPU
		{3FE9E99F-B8AC-4A73-9862-CD6BCC8379E1}.Release|Any CPU.Build.0 = Release|Any CPU
		{E016E6B8-00B4-4EE4-9F35-FCAE308006D2}.Debug|Any CPU.ActiveCfg = Debug|Any CPU
		{E016E6B8-00B4-4EE4-9F35-FCAE308006D2}.Debug|Any CPU.Build.0 = Debug|Any CPU
		{E016E6B8-00B4-4EE4-9F35-FCAE308006D2}.Release|Any CPU.ActiveCfg = Release|Any CPU
		{E016E6B8-00B4-4EE4-9F35-FCAE308006D2}.Release|Any CPU.Build.0 = Release|Any CPU
	EndGlobalSection
	GlobalSection(SolutionProperties) = preSolution
		HideSolutionNode = FALSE
	EndGlobalSection
	GlobalSection(NestedProjects) = preSolution
		{6394E543-E61E-4448-A5DF-2E7D5874D676} = {17E36295-22CB-4DEA-B7D1-05FA7C6AFDAE}
		{DC484CB1-2EC7-4DE0-A0B4-BF7907177009} = {05A520DA-E84B-4FDA-8D67-4B5E64C2172D}
		{B9BDEDC6-9EAF-4711-BD6A-D5F940C075F5} = {05A520DA-E84B-4FDA-8D67-4B5E64C2172D}
		{E5028581-9987-4525-B14C-B0B33D9B2930} = {05A520DA-E84B-4FDA-8D67-4B5E64C2172D}
		{F60CA8CC-BF00-4580-BA68-C873D58B20D2} = {56F2367F-E623-495C-8BC8-97106EE69D1B}
		{06BE565A-2AB6-4383-B2B1-D6B81952F86E} = {56F2367F-E623-495C-8BC8-97106EE69D1B}
		{4A43EDBE-FB1B-4F66-ACFE-4F3EFE122D85} = {56F2367F-E623-495C-8BC8-97106EE69D1B}
		{5B45941D-CD02-40C6-8C10-A416E51C1D2C} = {46D3F885-11F1-4D89-8242-96DCD1D232A3}
		{3FE9E99F-B8AC-4A73-9862-CD6BCC8379E1} = {46D3F885-11F1-4D89-8242-96DCD1D232A3}
		{E016E6B8-00B4-4EE4-9F35-FCAE308006D2} = {46D3F885-11F1-4D89-8242-96DCD1D232A3}
	EndGlobalSection
	GlobalSection(ExtensibilityGlobals) = postSolution
		SolutionGuid = {C7E4A589-E889-4F67-98E8-1EB5733BB7C7}
	EndGlobalSection
EndGlobal
